<Solution>
  <Project Path="OrderService.Api/OrderService.Api.csproj" />
  <Project Path="OrderService.Application/OrderService.Application.csproj" Id="8930f8e3-ce6f-4cea-a1ad-6a1204f4ac74" />
  <Project Path="OrderService.Domain/OrderService.Domain.csproj" Id="7acf3391-d4e7-4f48-92d2-e37c0c5b6b94" />
  <Project Path="OrderService.Infrastructure/OrderService.Infrastructure.csproj" Id="e58d2316-9fdf-4e73-9203-367538760e69" />
</Solution>
